
Microsoft Visual Studio Solution File, Format Version 12.00
# Visual Studio 15
VisualStudioVersion = 15.0.27130.2027
MinimumVisualStudioVersion = 10.0.40219.1
Project("{FAE04EC0-301F-11D3-BF4B-00C04F79EFBC}") = "XamarinPages.Android", "XamarinPages\XamarinPages.Android\XamarinPages.Android.csproj", "{EDC8EA63-93BA-4BAA-B1FB-A45A43DE1B13}"
EndProject
Project("{FAE04EC0-301F-11D3-BF4B-00C04F79EFBC}") = "XamarinPages", "XamarinPages\XamarinPages\XamarinPages.csproj", "{0A25DF15-E95F-4F7F-B1E7-6E7093C96E71}"
EndProject
Global
	GlobalSection(SolutionConfigurationPlatforms) = preSolution
		Debug|Any CPU = Debug|Any CPU
		Release|Any CPU = Release|Any CPU
	EndGlobalSection
	GlobalSection(ProjectConfigurationPlatforms) = postSolution
		{EDC8EA63-93BA-4BAA-B1FB-A45A43DE1B13}.Debug|Any CPU.ActiveCfg = Debug|Any CPU
		{EDC8EA63-93BA-4BAA-B1FB-A45A43DE1B13}.Debug|Any CPU.Build.0 = Debug|Any CPU
		{EDC8EA63-93BA-4BAA-B1FB-A45A43DE1B13}.Debug|Any CPU.Deploy.0 = Debug|Any CPU
		{EDC8EA63-93BA-4BAA-B1FB-A45A43DE1B13}.Release|Any CPU.ActiveCfg = Release|Any CPU
		{EDC8EA63-93BA-4BAA-B1FB-A45A43DE1B13}.Release|Any CPU.Build.0 = Release|Any CPU
		{EDC8EA63-93BA-4BAA-B1FB-A45A43DE1B13}.Release|Any CPU.Deploy.0 = Release|Any CPU
		{0A25DF15-E95F-4F7F-B1E7-6E7093C96E71}.Debug|Any CPU.ActiveCfg = Debug|Any CPU
		{0A25DF15-E95F-4F7F-B1E7-6E7093C96E71}.Debug|Any CPU.Build.0 = Debug|Any CPU
		{0A25DF15-E95F-4F7F-B1E7-6E7093C96E71}.Release|Any CPU.ActiveCfg = Release|Any CPU
		{0A25DF15-E95F-4F7F-B1E7-6E7093C96E71}.Release|Any CPU.Build.0 = Release|Any CPU
	EndGlobalSection
	GlobalSection(SolutionProperties) = preSolution
		HideSolutionNode = FALSE
	EndGlobalSection
	GlobalSection(ExtensibilityGlobals) = postSolution
		SolutionGuid = {82BB144F-EFD3-43FC-838D-323A8F571B28}
	EndGlobalSection
EndGlobal
